
Microsoft Visual Studio Solution File, Format Version 12.00
# Visual Studio Version 16
VisualStudioVersion = 16.0.34601.136
MinimumVisualStudioVersion = 10.0.40219.1
Project("{FAE04EC0-301F-11D3-BF4B-00C04F79EFBC}") = "Destinos", "Destinos\Destinos.csproj", "{FF3EB377-667F-4657-B0EB-2F91E72D38BE}"
EndProject
Global
	GlobalSection(SolutionConfigurationPlatforms) = preSolution
		Debug|Any CPU = Debug|Any CPU
		Release|Any CPU = Release|Any CPU
	EndGlobalSection
	GlobalSection(ProjectConfigurationPlatforms) = postSolution
		{FF3EB377-667F-4657-B0EB-2F91E72D38BE}.Debug|Any CPU.ActiveCfg = Debug|Any CPU
		{FF3EB377-667F-4657-B0EB-2F91E72D38BE}.Debug|Any CPU.Build.0 = Debug|Any CPU
		{FF3EB377-667F-4657-B0EB-2F91E72D38BE}.Release|Any CPU.ActiveCfg = Release|Any CPU
		{FF3EB377-667F-4657-B0EB-2F91E72D38BE}.Release|Any CPU.Build.0 = Release|Any CPU
	EndGlobalSection
	GlobalSection(SolutionProperties) = preSolution
		HideSolutionNode = FALSE
	EndGlobalSection
	GlobalSection(ExtensibilityGlobals) = postSolution
		SolutionGuid = {7188F40C-810A-4710-98B4-C2078334C7A0}
	EndGlobalSection
EndGlobal
